
Microsoft Visual Studio Solution File, Format Version 12.00
# Visual Studio Version 16
VisualStudioVersion = 16.0.31624.102
MinimumVisualStudioVersion = 10.0.40219.1
Project("{9A19103F-16F7-4668-BE54-9A1E7A4F7556}") = "WebApi", "WebApi.csproj", "{93C35166-EB3B-4BE2-A227-E71C86332F76}"
EndProject
Global
	GlobalSection(SolutionConfigurationPlatforms) = preSolution
		Debug|Any CPU = Debug|Any CPU
		Release|Any CPU = Release|Any CPU
	EndGlobalSection
	GlobalSection(ProjectConfigurationPlatforms) = postSolution
		{93C35166-EB3B-4BE2-A227-E71C86332F76}.Debug|Any CPU.ActiveCfg = Debug|Any CPU
		{93C35166-EB3B-4BE2-A227-E71C86332F76}.Debug|Any CPU.Build.0 = Debug|Any CPU
		{93C35166-EB3B-4BE2-A227-E71C86332F76}.Release|Any CPU.ActiveCfg = Release|Any CPU
		{93C35166-EB3B-4BE2-A227-E71C86332F76}.Release|Any CPU.Build.0 = Release|Any CPU
	EndGlobalSection
	GlobalSection(SolutionProperties) = preSolution
		HideSolutionNode = FALSE
	EndGlobalSection
	GlobalSection(ExtensibilityGlobals) = postSolution
		SolutionGuid = {428C9AA5-65D8-48F0-95E4-61EFCF3E3D6F}
	EndGlobalSection
EndGlobal
