
Microsoft Visual Studio Solution File, Format Version 12.00
# Visual Studio Version 17
VisualStudioVersion = 17.5.002.0
MinimumVisualStudioVersion = 10.0.40219.1
Project("{9A19103F-16F7-4668-BE54-9A1E7A4F7556}") = "WebApi", "WebApi.csproj", "{4EC4CF00-9D2F-4DA2-ADAF-2637665E502E}"
EndProject
Global
	GlobalSection(SolutionConfigurationPlatforms) = preSolution
		Debug|Any CPU = Debug|Any CPU
		Release|Any CPU = Release|Any CPU
	EndGlobalSection
	GlobalSection(ProjectConfigurationPlatforms) = postSolution
		{4EC4CF00-9D2F-4DA2-ADAF-2637665E502E}.Debug|Any CPU.ActiveCfg = Debug|Any CPU
		{4EC4CF00-9D2F-4DA2-ADAF-2637665E502E}.Debug|Any CPU.Build.0 = Debug|Any CPU
		{4EC4CF00-9D2F-4DA2-ADAF-2637665E502E}.Release|Any CPU.ActiveCfg = Release|Any CPU
		{4EC4CF00-9D2F-4DA2-ADAF-2637665E502E}.Release|Any CPU.Build.0 = Release|Any CPU
	EndGlobalSection
	GlobalSection(SolutionProperties) = preSolution
		HideSolutionNode = FALSE
	EndGlobalSection
	GlobalSection(ExtensibilityGlobals) = postSolution
		SolutionGuid = {336FA339-B988-46C5-97C0-DA395E5EFB1F}
	EndGlobalSection
EndGlobal
