
Microsoft Visual Studio Solution File, Format Version 12.00
# Visual Studio Version 16
VisualStudioVersion = 16.0.31624.102
MinimumVisualStudioVersion = 10.0.40219.1
Project("{9A19103F-16F7-4668-BE54-9A1E7A4F7556}") = "WebApi", "WebApi\WebApi.csproj", "{93C35166-EB3B-4BE2-A227-E71C86332F76}"
EndProject
Project("{9A19103F-16F7-4668-BE54-9A1E7A4F7556}") = "Infrastructure.Identity", "Infrastructure.Identity\Infrastructure.Identity.csproj", "{46D4AF8B-2B41-4649-A3D7-944E21D04FC3}"
EndProject
Project("{9A19103F-16F7-4668-BE54-9A1E7A4F7556}") = "Infrastructure.Persistence", "Infrastructure.Persistence\Infrastructure.Persistence.csproj", "{C88F9DEB-60D6-4273-8223-B18BF74F1C40}"
EndProject
Project("{9A19103F-16F7-4668-BE54-9A1E7A4F7556}") = "Infrastructure.Shared", "Infrastructure.Shared\Infrastructure.Shared.csproj", "{CC772139-CF90-43F8-910E-ABB12B91946D}"
EndProject
Project("{9A19103F-16F7-4668-BE54-9A1E7A4F7556}") = "Domain", "Domain\Domain.csproj", "{919CC0AD-D2CD-4A4A-A312-693301C0D289}"
EndProject
Project("{9A19103F-16F7-4668-BE54-9A1E7A4F7556}") = "Application", "Application\Application.csproj", "{B39887A7-B44C-401B-94A8-10ABB2948B69}"
EndProject
Global
	GlobalSection(SolutionConfigurationPlatforms) = preSolution
		Debug|Any CPU = Debug|Any CPU
		Release|Any CPU = Release|Any CPU
	EndGlobalSection
	GlobalSection(ProjectConfigurationPlatforms) = postSolution
		{93C35166-EB3B-4BE2-A227-E71C86332F76}.Debug|Any CPU.ActiveCfg = Debug|Any CPU
		{93C35166-EB3B-4BE2-A227-E71C86332F76}.Debug|Any CPU.Build.0 = Debug|Any CPU
		{93C35166-EB3B-4BE2-A227-E71C86332F76}.Release|Any CPU.ActiveCfg = Release|Any CPU
		{93C35166-EB3B-4BE2-A227-E71C86332F76}.Release|Any CPU.Build.0 = Release|Any CPU
		{46D4AF8B-2B41-4649-A3D7-944E21D04FC3}.Debug|Any CPU.ActiveCfg = Debug|Any CPU
		{46D4AF8B-2B41-4649-A3D7-944E21D04FC3}.Debug|Any CPU.Build.0 = Debug|Any CPU
		{46D4AF8B-2B41-4649-A3D7-944E21D04FC3}.Release|Any CPU.ActiveCfg = Release|Any CPU
		{46D4AF8B-2B41-4649-A3D7-944E21D04FC3}.Release|Any CPU.Build.0 = Release|Any CPU
		{C88F9DEB-60D6-4273-8223-B18BF74F1C40}.Debug|Any CPU.ActiveCfg = Debug|Any CPU
		{C88F9DEB-60D6-4273-8223-B18BF74F1C40}.Debug|Any CPU.Build.0 = Debug|Any CPU
		{C88F9DEB-60D6-4273-8223-B18BF74F1C40}.Release|Any CPU.ActiveCfg = Release|Any CPU
		{C88F9DEB-60D6-4273-8223-B18BF74F1C40}.Release|Any CPU.Build.0 = Release|Any CPU
		{CC772139-CF90-43F8-910E-ABB12B91946D}.Debug|Any CPU.ActiveCfg = Debug|Any CPU
		{CC772139-CF90-43F8-910E-ABB12B91946D}.Debug|Any CPU.Build.0 = Debug|Any CPU
		{CC772139-CF90-43F8-910E-ABB12B91946D}.Release|Any CPU.ActiveCfg = Release|Any CPU
		{CC772139-CF90-43F8-910E-ABB12B91946D}.Release|Any CPU.Build.0 = Release|Any CPU
		{919CC0AD-D2CD-4A4A-A312-693301C0D289}.Debug|Any CPU.ActiveCfg = Debug|Any CPU
		{919CC0AD-D2CD-4A4A-A312-693301C0D289}.Debug|Any CPU.Build.0 = Debug|Any CPU
		{919CC0AD-D2CD-4A4A-A312-693301C0D289}.Release|Any CPU.ActiveCfg = Release|Any CPU
		{919CC0AD-D2CD-4A4A-A312-693301C0D289}.Release|Any CPU.Build.0 = Release|Any CPU
		{B39887A7-B44C-401B-94A8-10ABB2948B69}.Debug|Any CPU.ActiveCfg = Debug|Any CPU
		{B39887A7-B44C-401B-94A8-10ABB2948B69}.Debug|Any CPU.Build.0 = Debug|Any CPU
		{B39887A7-B44C-401B-94A8-10ABB2948B69}.Release|Any CPU.ActiveCfg = Release|Any CPU
		{B39887A7-B44C-401B-94A8-10ABB2948B69}.Release|Any CPU.Build.0 = Release|Any CPU
	EndGlobalSection
	GlobalSection(SolutionProperties) = preSolution
		HideSolutionNode = FALSE
	EndGlobalSection
	GlobalSection(ExtensibilityGlobals) = postSolution
		SolutionGuid = {428C9AA5-65D8-48F0-95E4-61EFCF3E3D6F}
	EndGlobalSection
EndGlobal
